<Solution>
  <Folder Name="/src/">
    <Project Path="src/Nendo.Desktop/Nendo.Desktop.csproj" />
    <Project Path="src/Nendo.ExtensionHost/Nendo.ExtensionHost.csproj" />
    <Project Path="src/Nendo.Engine/Nendo.Engine.csproj" />
    <Project Path="src/Nendo.LocalMcp/Nendo.LocalMcp.csproj" />
  </Folder>
  <Folder Name="/tests/">
    <Project Path="tests/Nendo.Desktop.Tests/Nendo.Desktop.Tests.csproj" />
    <Project Path="tests/Nendo.Engine.Tests/Nendo.Engine.Tests.csproj" />
    <Project Path="tests/Nendo.LocalMcp.Tests/Nendo.LocalMcp.Tests.csproj" />
  </Folder>
</Solution>
